{
  "lockfile_version": "1",
  "packages": {
    "github:NixOS/nixpkgs/nixpkgs-unstable": {
      "last_modified": "2026-06-08T15:01:26Z",
      "resolved": "github:NixOS/nixpkgs/8c3cede7ddc26bd659d2d383b5610efbd2c7a16e?lastModified=1780930886&narHash=sha256-rppURzHviaQN131F%2BnLiLdGfcb0uCd9gGP0E5%2Biw9MI%3D"
    },
    "just": {
      "resolved": "github:NixOS/nixpkgs/8c3cede7ddc26bd659d2d383b5610efbd2c7a16e?narHash=sha256-rppURzHviaQN131F%2BnLiLdGfcb0uCd9gGP0E5%2Biw9MI%3D#just",
      "source": "nixpkg"
    },
    "nodejs@22": {
      "last_modified": "2026-05-21T08:15:18Z",
      "plugin_version": "0.0.4",
      "resolved": "github:NixOS/nixpkgs/4a29d733e8a7d5b824c3d8c958a946a9867b3eb2#nodejs_22",
      "source": "devbox-search",
      "version": "22.22.3",
      "systems": {
        "aarch64-darwin": {
          "outputs": [
            {
              "name": "out",
              "path": "/nix/store/k1yy2d1h7pvpac7m14vmaw23j529fpza-nodejs-22.22.3",
              "default": true
            }
          ],
          "store_path": "/nix/store/k1yy2d1h7pvpac7m14vmaw23j529fpza-nodejs-22.22.3"
        },
        "aarch64-linux": {
          "outputs": [
            {
              "name": "out",
              "path": "/nix/store/d8zana2n6i904c088i533ivg1j817x8v-nodejs-22.22.3",
              "default": true
            }
          ],
          "store_path": "/nix/store/d8zana2n6i904c088i533ivg1j817x8v-nodejs-22.22.3"
        },
        "x86_64-darwin": {
          "outputs": [
            {
              "name": "out",
              "path": "/nix/store/9yvmgryhhwnswgaji30cpw4m9swhv1ia-nodejs-22.22.3",
              "default": true
            }
          ],
          "store_path": "/nix/store/9yvmgryhhwnswgaji30cpw4m9swhv1ia-nodejs-22.22.3"
        },
        "x86_64-linux": {
          "outputs": [
            {
              "name": "out",
              "path": "/nix/store/ac9bklddx1klg92hj7r08xmpky1nwag2-nodejs-22.22.3",
              "default": true
            }
          ],
          "store_path": "/nix/store/ac9bklddx1klg92hj7r08xmpky1nwag2-nodejs-22.22.3"
        }
      }
    },
    "python@3.13": {
      "last_modified": "2026-08-01T16:34:20Z",
      "plugin_version": "0.0.5",
      "resolved": "github:NixOS/nixpkgs/a5cbcfe954791221bfffe2307f7d1a1bf61a871e#python313",
      "source": "devbox-search",
      "version": "3.13.14",
      "systems": {
        "aarch64-darwin": {
          "outputs": [
            {
              "name": "out",
              "path": "/nix/store/nvj4m47x6c3n3kqfk70fk5y598x8c4s8-python3-3.13.14",
              "default": true
            }
          ],
          "store_path": "/nix/store/nvj4m47x6c3n3kqfk70fk5y598x8c4s8-python3-3.13.14"
        },
        "aarch64-linux": {
          "outputs": [
            {
              "name": "out",
              "path": "/nix/store/aihp1b5bb49f4xwy1pzy4ms435ansvvs-python3-3.13.14",
              "default": true
            },
            {
              "name": "debug",
              "path": "/nix/store/pdlhsmfyfji4g43zpim9q4ipq8xm75af-python3-3.13.14-debug"
            }
          ],
          "store_path": "/nix/store/aihp1b5bb49f4xwy1pzy4ms435ansvvs-python3-3.13.14"
        },
        "x86_64-linux": {
          "outputs": [
            {
              "name": "out",
              "path": "/nix/store/miscphl6g76fp89z2drc18dckh2cx9ky-python3-3.13.14",
              "default": true
            },
            {
              "name": "debug",
              "path": "/nix/store/7m2jh7dgbxwpgz91dx7mswhqyxdvxiwi-python3-3.13.14-debug"
            }
          ],
          "store_path": "/nix/store/miscphl6g76fp89z2drc18dckh2cx9ky-python3-3.13.14"
        }
      }
    },
    "uv": {
      "resolved": "github:NixOS/nixpkgs/8c3cede7ddc26bd659d2d383b5610efbd2c7a16e?narHash=sha256-rppURzHviaQN131F%2BnLiLdGfcb0uCd9gGP0E5%2Biw9MI%3D#uv",
      "source": "nixpkg"
    }
  }
}
